// !$*UTF8*$!
{
	archiveVersion = 1;
	classes = {
	};
	objectVersion = 51;
	objects = {

/* Begin PBXBuildFile section */
		4B3F60E853B3AA7217DC45D2 /* Pods_LajiDemo.framework in Frameworks */ = {isa = PBXBuildFile; fileRef = EC7F9FC66F0D5365136A939E /* Pods_LajiDemo.framework */; };
		E57921F422F535F400D31F96 /* AppDelegate.swift in Sources */ = {isa = PBXBuildFile; fileRef = E57921F322F535F400D31F96 /* AppDelegate.swift */; };
		E57921F922F535F400D31F96 /* Main.storyboard in Resources */ = {isa = PBXBuildFile; fileRef = E57921F722F535F400D31F96 /* Main.storyboard */; };
		E57921FC22F535F400D31F96 /* LajiDemo.xcdatamodeld in Sources */ = {isa = PBXBuildFile; fileRef = E57921FA22F535F400D31F96 /* LajiDemo.xcdatamodeld */; };
		E57921FE22F535F500D31F96 /* Assets.xcassets in Resources */ = {isa = PBXBuildFile; fileRef = E57921FD22F535F500D31F96 /* Assets.xcassets */; };
		E579220122F535F500D31F96 /* LaunchScreen.storyboard in Resources */ = {isa = PBXBuildFile; fileRef = E57921FF22F535F500D31F96 /* LaunchScreen.storyboard */; };
		E579220A22F5845500D31F96 /* UIImage+.swift in Sources */ = {isa = PBXBuildFile; fileRef = E579220922F5845500D31F96 /* UIImage+.swift */; };
		E583E6A72313983C00CE060F /* image_unknown.jpeg in Resources */ = {isa = PBXBuildFile; fileRef = E583E6A62313983C00CE060F /* image_unknown.jpeg */; };
		E59F86922312E87A00600828 /* UIViewController+Dialog.swift in Sources */ = {isa = PBXBuildFile; fileRef = E59F86912312E87A00600828 /* UIViewController+Dialog.swift */; };
		E5CF25C922F67130002C3FF2 /* ViewController+.swift in Sources */ = {isa = PBXBuildFile; fileRef = E5CF25C822F67130002C3FF2 /* ViewController+.swift */; };
		E5CF25CC22F674DE002C3FF2 /* GarbageItem+.swift in Sources */ = {isa = PBXBuildFile; fileRef = E5CF25CB22F674DE002C3FF2 /* GarbageItem+.swift */; };
		E5E4135522FEBFC3002E652E /* WasteListViewController.swift in Sources */ = {isa = PBXBuildFile; fileRef = E5E4135422FEBFC3002E652E /* WasteListViewController.swift */; };
		E5E4135722FEC451002E652E /* GarbageItemViewCell.swift in Sources */ = {isa = PBXBuildFile; fileRef = E5E4135622FEC451002E652E /* GarbageItemViewCell.swift */; };
		E5E4135922FEC465002E652E /* CategoryViewCell.swift in Sources */ = {isa = PBXBuildFile; fileRef = E5E4135822FEC465002E652E /* CategoryViewCell.swift */; };
		E5E4135B22FED7C6002E652E /* Constants.swift in Sources */ = {isa = PBXBuildFile; fileRef = E5E4135A22FED7C6002E652E /* Constants.swift */; };
		E5E4135E22FED9A9002E652E /* CameraDetectionViewController.swift in Sources */ = {isa = PBXBuildFile; fileRef = E5E4135D22FED9A9002E652E /* CameraDetectionViewController.swift */; };
		E5FC24A72306567C008AD146 /* StreamReader.swift in Sources */ = {isa = PBXBuildFile; fileRef = E5FC24A62306567C008AD146 /* StreamReader.swift */; };
		E5FC24AA230656FE008AD146 /* classification.csv in Resources */ = {isa = PBXBuildFile; fileRef = E5FC24A9230656FE008AD146 /* classification.csv */; };
/* End PBXBuildFile section */

/* Begin PBXFileReference section */
		4D2FFA04533F35499C1A010F /* Pods-LajiDemo.debug.xcconfig */ = {isa = PBXFileReference; includeInIndex = 1; lastKnownFileType = text.xcconfig; name = "Pods-LajiDemo.debug.xcconfig"; path = "Target Support Files/Pods-LajiDemo/Pods-LajiDemo.debug.xcconfig"; sourceTree = "<group>"; };
		69EF4DA23AE0A0C25149C603 /* Pods-LajiDemo.release.xcconfig */ = {isa = PBXFileReference; includeInIndex = 1; lastKnownFileType = text.xcconfig; name = "Pods-LajiDemo.release.xcconfig"; path = "Target Support Files/Pods-LajiDemo/Pods-LajiDemo.release.xcconfig"; sourceTree = "<group>"; };
		E57921F022F535F400D31F96 /* LajiDemo.app */ = {isa = PBXFileReference; explicitFileType = wrapper.application; includeInIndex = 0; path = LajiDemo.app; sourceTree = BUILT_PRODUCTS_DIR; };
		E57921F322F535F400D31F96 /* AppDelegate.swift */ = {isa = PBXFileReference; lastKnownFileType = sourcecode.swift; path = AppDelegate.swift; sourceTree = "<group>"; };
		E57921F822F535F400D31F96 /* Base */ = {isa = PBXFileReference; lastKnownFileType = file.storyboard; name = Base; path = Base.lproj/Main.storyboard; sourceTree = "<group>"; };
		E57921FB22F535F400D31F96 /* LajiDemo.xcdatamodel */ = {isa = PBXFileReference; lastKnownFileType = wrapper.xcdatamodel; path = LajiDemo.xcdatamodel; sourceTree = "<group>"; };
		E57921FD22F535F500D31F96 /* Assets.xcassets */ = {isa = PBXFileReference; lastKnownFileType = folder.assetcatalog; path = Assets.xcassets; sourceTree = "<group>"; };
		E579220022F535F500D31F96 /* Base */ = {isa = PBXFileReference; lastKnownFileType = file.storyboard; name = Base; path = Base.lproj/LaunchScreen.storyboard; sourceTree = "<group>"; };
		E579220222F535F500D31F96 /* Info.plist */ = {isa = PBXFileReference; lastKnownFileType = text.plist.xml; path = Info.plist; sourceTree = "<group>"; };
		E579220922F5845500D31F96 /* UIImage+.swift */ = {isa = PBXFileReference; lastKnownFileType = sourcecode.swift; path = "UIImage+.swift"; sourceTree = "<group>"; };
		E583E6A62313983C00CE060F /* image_unknown.jpeg */ = {isa = PBXFileReference; lastKnownFileType = image.jpeg; path = image_unknown.jpeg; sourceTree = "<group>"; };
		E59F86912312E87A00600828 /* UIViewController+Dialog.swift */ = {isa = PBXFileReference; fileEncoding = 4; lastKnownFileType = sourcecode.swift; path = "UIViewController+Dialog.swift"; sourceTree = "<group>"; };
		E5CF25C822F67130002C3FF2 /* ViewController+.swift */ = {isa = PBXFileReference; lastKnownFileType = sourcecode.swift; path = "ViewController+.swift"; sourceTree = "<group>"; };
		E5CF25CB22F674DE002C3FF2 /* GarbageItem+.swift */ = {isa = PBXFileReference; lastKnownFileType = sourcecode.swift; path = "GarbageItem+.swift"; sourceTree = "<group>"; };
		E5E4135422FEBFC3002E652E /* WasteListViewController.swift */ = {isa = PBXFileReference; lastKnownFileType = sourcecode.swift; path = WasteListViewController.swift; sourceTree = "<group>"; };
		E5E4135622FEC451002E652E /* GarbageItemViewCell.swift */ = {isa = PBXFileReference; lastKnownFileType = sourcecode.swift; path = GarbageItemViewCell.swift; sourceTree = "<group>"; };
		E5E4135822FEC465002E652E /* CategoryViewCell.swift */ = {isa = PBXFileReference; lastKnownFileType = sourcecode.swift; path = CategoryViewCell.swift; sourceTree = "<group>"; };
		E5E4135A22FED7C6002E652E /* Constants.swift */ = {isa = PBXFileReference; lastKnownFileType = sourcecode.swift; path = Constants.swift; sourceTree = "<group>"; };
		E5E4135D22FED9A9002E652E /* CameraDetectionViewController.swift */ = {isa = PBXFileReference; lastKnownFileType = sourcecode.swift; path = CameraDetectionViewController.swift; sourceTree = "<group>"; };
		E5FC24A62306567C008AD146 /* StreamReader.swift */ = {isa = PBXFileReference; lastKnownFileType = sourcecode.swift; path = StreamReader.swift; sourceTree = "<group>"; };
		E5FC24A9230656FE008AD146 /* classification.csv */ = {isa = PBXFileReference; fileEncoding = 4; lastKnownFileType = text; path = classification.csv; sourceTree = "<group>"; };
		EC7F9FC66F0D5365136A939E /* Pods_LajiDemo.framework */ = {isa = PBXFileReference; explicitFileType = wrapper.framework; includeInIndex = 0; path = Pods_LajiDemo.framework; sourceTree = BUILT_PRODUCTS_DIR; };
/* End PBXFileReference section */

/* Begin PBXFrameworksBuildPhase section */
		E57921ED22F535F400D31F96 /* Frameworks */ = {
			isa = PBXFrameworksBuildPhase;
			buildActionMask = 2147483647;
			files = (
				4B3F60E853B3AA7217DC45D2 /* Pods_LajiDemo.framework in Frameworks */,
			);
			runOnlyForDeploymentPostprocessing = 0;
		};
/* End PBXFrameworksBuildPhase section */

/* Begin PBXGroup section */
		1CBF5372BAB08039EB7937D4 /* Frameworks */ = {
			isa = PBXGroup;
			children = (
				EC7F9FC66F0D5365136A939E /* Pods_LajiDemo.framework */,
			);
			name = Frameworks;
			sourceTree = "<group>";
		};
		46205F0F4A6F6FCA1E8779E0 /* Pods */ = {
			isa = PBXGroup;
			children = (
				4D2FFA04533F35499C1A010F /* Pods-LajiDemo.debug.xcconfig */,
				69EF4DA23AE0A0C25149C603 /* Pods-LajiDemo.release.xcconfig */,
			);
			path = Pods;
			sourceTree = "<group>";
		};
		E57921E722F535F400D31F96 = {
			isa = PBXGroup;
			children = (
				E57921F222F535F400D31F96 /* LajiDemo */,
				E57921F122F535F400D31F96 /* Products */,
				46205F0F4A6F6FCA1E8779E0 /* Pods */,
				1CBF5372BAB08039EB7937D4 /* Frameworks */,
			);
			sourceTree = "<group>";
		};
		E57921F122F535F400D31F96 /* Products */ = {
			isa = PBXGroup;
			children = (
				E57921F022F535F400D31F96 /* LajiDemo.app */,
			);
			name = Products;
			sourceTree = "<group>";
		};
		E57921F222F535F400D31F96 /* LajiDemo */ = {
			isa = PBXGroup;
			children = (
				E5FC24A8230656F1008AD146 /* Resources */,
				E5E4135C22FED98C002E652E /* Detection */,
				E5E4135322FEBF68002E652E /* WasteList */,
				E5CF25CA22F674B4002C3FF2 /* Model */,
				E579220822F583E800D31F96 /* Utils */,
				E57921F322F535F400D31F96 /* AppDelegate.swift */,
				E57921F722F535F400D31F96 /* Main.storyboard */,
				E57921FD22F535F500D31F96 /* Assets.xcassets */,
				E57921FF22F535F500D31F96 /* LaunchScreen.storyboard */,
				E579220222F535F500D31F96 /* Info.plist */,
				E57921FA22F535F400D31F96 /* LajiDemo.xcdatamodeld */,
				E5E4135A22FED7C6002E652E /* Constants.swift */,
			);
			path = LajiDemo;
			sourceTree = "<group>";
		};
		E579220822F583E800D31F96 /* Utils */ = {
			isa = PBXGroup;
			children = (
				E59F86912312E87A00600828 /* UIViewController+Dialog.swift */,
				E579220922F5845500D31F96 /* UIImage+.swift */,
				E5CF25C822F67130002C3FF2 /* ViewController+.swift */,
				E5FC24A62306567C008AD146 /* StreamReader.swift */,
			);
			path = Utils;
			sourceTree = "<group>";
		};
		E5CF25CA22F674B4002C3FF2 /* Model */ = {
			isa = PBXGroup;
			children = (
				E5CF25CB22F674DE002C3FF2 /* GarbageItem+.swift */,
			);
			path = Model;
			sourceTree = "<group>";
		};
		E5E4135322FEBF68002E652E /* WasteList */ = {
			isa = PBXGroup;
			children = (
				E5E4135422FEBFC3002E652E /* WasteListViewController.swift */,
				E5E4135622FEC451002E652E /* GarbageItemViewCell.swift */,
				E5E4135822FEC465002E652E /* CategoryViewCell.swift */,
			);
			path = WasteList;
			sourceTree = "<group>";
		};
		E5E4135C22FED98C002E652E /* Detection */ = {
			isa = PBXGroup;
			children = (
				E5E4135D22FED9A9002E652E /* CameraDetectionViewController.swift */,
			);
			path = Detection;
			sourceTree = "<group>";
		};
		E5FC24A8230656F1008AD146 /* Resources */ = {
			isa = PBXGroup;
			children = (
				E583E6A62313983C00CE060F /* image_unknown.jpeg */,
				E5FC24A9230656FE008AD146 /* classification.csv */,
			);
			path = Resources;
			sourceTree = "<group>";
		};
/* End PBXGroup section */

/* Begin PBXNativeTarget section */
		E57921EF22F535F400D31F96 /* LajiDemo */ = {
			isa = PBXNativeTarget;
			buildConfigurationList = E579220522F535F500D31F96 /* Build configuration list for PBXNativeTarget "LajiDemo" */;
			buildPhases = (
				28129D6D920B1944E2E12685 /* [CP] Check Pods Manifest.lock */,
				E57921EC22F535F400D31F96 /* Sources */,
				E57921ED22F535F400D31F96 /* Frameworks */,
				E57921EE22F535F400D31F96 /* Resources */,
				6D5A144DF54E694D0DF1745F /* [CP] Embed Pods Frameworks */,
			);
			buildRules = (
			);
			dependencies = (
			);
			name = LajiDemo;
			productName = LajiDemo;
			productReference = E57921F022F535F400D31F96 /* LajiDemo.app */;
			productType = "com.apple.product-type.application";
		};
/* End PBXNativeTarget section */

/* Begin PBXProject section */
		E57921E822F535F400D31F96 /* Project object */ = {
			isa = PBXProject;
			attributes = {
				LastSwiftUpdateCheck = 1030;
				LastUpgradeCheck = 1030;
				ORGANIZATIONNAME = nogayrulegroup;
				TargetAttributes = {
					E57921EF22F535F400D31F96 = {
						CreatedOnToolsVersion = 10.3;
					};
				};
			};
			buildConfigurationList = E57921EB22F535F400D31F96 /* Build configuration list for PBXProject "LajiDemo" */;
			compatibilityVersion = "Xcode 9.3";
			developmentRegion = en;
			hasScannedForEncodings = 0;
			knownRegions = (
				en,
				Base,
			);
			mainGroup = E57921E722F535F400D31F96;
			productRefGroup = E57921F122F535F400D31F96 /* Products */;
			projectDirPath = "";
			projectRoot = "";
			targets = (
				E57921EF22F535F400D31F96 /* LajiDemo */,
			);
		};
/* End PBXProject section */

/* Begin PBXResourcesBuildPhase section */
		E57921EE22F535F400D31F96 /* Resources */ = {
			isa = PBXResourcesBuildPhase;
			buildActionMask = 2147483647;
			files = (
				E583E6A72313983C00CE060F /* image_unknown.jpeg in Resources */,
				E5FC24AA230656FE008AD146 /* classification.csv in Resources */,
				E579220122F535F500D31F96 /* LaunchScreen.storyboard in Resources */,
				E57921FE22F535F500D31F96 /* Assets.xcassets in Resources */,
				E57921F922F535F400D31F96 /* Main.storyboard in Resources */,
			);
			runOnlyForDeploymentPostprocessing = 0;
		};
/* End PBXResourcesBuildPhase section */

/* Begin PBXShellScriptBuildPhase section */
		28129D6D920B1944E2E12685 /* [CP] Check Pods Manifest.lock */ = {
			isa = PBXShellScriptBuildPhase;
			buildActionMask = 2147483647;
			files = (
			);
			inputFileListPaths = (
			);
			inputPaths = (
				"${PODS_PODFILE_DIR_PATH}/Podfile.lock",
				"${PODS_ROOT}/Manifest.lock",
			);
			name = "[CP] Check Pods Manifest.lock";
			outputFileListPaths = (
			);
			outputPaths = (
				"$(DERIVED_FILE_DIR)/Pods-LajiDemo-checkManifestLockResult.txt",
			);
			runOnlyForDeploymentPostprocessing = 0;
			shellPath = /bin/sh;
			shellScript = "diff \"${PODS_PODFILE_DIR_PATH}/Podfile.lock\" \"${PODS_ROOT}/Manifest.lock\" > /dev/null\nif [ $? != 0 ] ; then\n    # print error to STDERR\n    echo \"error: The sandbox is not in sync with the Podfile.lock. Run 'pod install' or update your CocoaPods installation.\" >&2\n    exit 1\nfi\n# This output is used by Xcode 'outputs' to avoid re-running this script phase.\necho \"SUCCESS\" > \"${SCRIPT_OUTPUT_FILE_0}\"\n";
			showEnvVarsInLog = 0;
		};
		6D5A144DF54E694D0DF1745F /* [CP] Embed Pods Frameworks */ = {
			isa = PBXShellScriptBuildPhase;
			buildActionMask = 2147483647;
			files = (
			);
			inputFileListPaths = (
				"${PODS_ROOT}/Target Support Files/Pods-LajiDemo/Pods-LajiDemo-frameworks-${CONFIGURATION}-input-files.xcfilelist",
			);
			name = "[CP] Embed Pods Frameworks";
			outputFileListPaths = (
				"${PODS_ROOT}/Target Support Files/Pods-LajiDemo/Pods-LajiDemo-frameworks-${CONFIGURATION}-output-files.xcfilelist",
			);
			runOnlyForDeploymentPostprocessing = 0;
			shellPath = /bin/sh;
			shellScript = "\"${PODS_ROOT}/Target Support Files/Pods-LajiDemo/Pods-LajiDemo-frameworks.sh\"\n";
			showEnvVarsInLog = 0;
		};
/* End PBXShellScriptBuildPhase section */

/* Begin PBXSourcesBuildPhase section */
		E57921EC22F535F400D31F96 /* Sources */ = {
			isa = PBXSourcesBuildPhase;
			buildActionMask = 2147483647;
			files = (
				E5FC24A72306567C008AD146 /* StreamReader.swift in Sources */,
				E57921FC22F535F400D31F96 /* LajiDemo.xcdatamodeld in Sources */,
				E579220A22F5845500D31F96 /* UIImage+.swift in Sources */,
				E57921F422F535F400D31F96 /* AppDelegate.swift in Sources */,
				E5CF25CC22F674DE002C3FF2 /* GarbageItem+.swift in Sources */,
				E5E4135B22FED7C6002E652E /* Constants.swift in Sources */,
				E5E4135522FEBFC3002E652E /* WasteListViewController.swift in Sources */,
				E59F86922312E87A00600828 /* UIViewController+Dialog.swift in Sources */,
				E5CF25C922F67130002C3FF2 /* ViewController+.swift in Sources */,
				E5E4135E22FED9A9002E652E /* CameraDetectionViewController.swift in Sources */,
				E5E4135922FEC465002E652E /* CategoryViewCell.swift in Sources */,
				E5E4135722FEC451002E652E /* GarbageItemViewCell.swift in Sources */,
			);
			runOnlyForDeploymentPostprocessing = 0;
		};
/* End PBXSourcesBuildPhase section */

/* Begin PBXVariantGroup section */
		E57921F722F535F400D31F96 /* Main.storyboard */ = {
			isa = PBXVariantGroup;
			children = (
				E57921F822F535F400D31F96 /* Base */,
			);
			name = Main.storyboard;
			sourceTree = "<group>";
		};
		E57921FF22F535F500D31F96 /* LaunchScreen.storyboard */ = {
			isa = PBXVariantGroup;
			children = (
				E579220022F535F500D31F96 /* Base */,
			);
			name = LaunchScreen.storyboard;
			sourceTree = "<group>";
		};
/* End PBXVariantGroup section */

/* Begin XCBuildConfiguration section */
		E579220322F535F500D31F96 /* Debug */ = {
			isa = XCBuildConfiguration;
			buildSettings = {
				ALWAYS_SEARCH_USER_PATHS = NO;
				CLANG_ANALYZER_NONNULL = YES;
				CLANG_ANALYZER_NUMBER_OBJECT_CONVERSION = YES_AGGRESSIVE;
				CLANG_CXX_LANGUAGE_STANDARD = "gnu++14";
				CLANG_CXX_LIBRARY = "libc++";
				CLANG_ENABLE_MODULES = YES;
				CLANG_ENABLE_OBJC_ARC = YES;
				CLANG_ENABLE_OBJC_WEAK = YES;
				CLANG_WARN_BLOCK_CAPTURE_AUTORELEASING = YES;
				CLANG_WARN_BOOL_CONVERSION = YES;
				CLANG_WARN_COMMA = YES;
				CLANG_WARN_CONSTANT_CONVERSION = YES;
				CLANG_WARN_DEPRECATED_OBJC_IMPLEMENTATIONS = YES;
				CLANG_WARN_DIRECT_OBJC_ISA_USAGE = YES_ERROR;
				CLANG_WARN_DOCUMENTATION_COMMENTS = YES;
				CLANG_WARN_EMPTY_BODY = YES;
				CLANG_WARN_ENUM_CONVERSION = YES;
				CLANG_WARN_INFINITE_RECURSION = YES;
				CLANG_WARN_INT_CONVERSION = YES;
				CLANG_WARN_NON_LITERAL_NULL_CONVERSION = YES;
				CLANG_WARN_OBJC_IMPLICIT_RETAIN_SELF = YES;
				CLANG_WARN_OBJC_LITERAL_CONVERSION = YES;
				CLANG_WARN_OBJC_ROOT_CLASS = YES_ERROR;
				CLANG_WARN_RANGE_LOOP_ANALYSIS = YES;
				CLANG_WARN_STRICT_PROTOTYPES = YES;
				CLANG_WARN_SUSPICIOUS_MOVE = YES;
				CLANG_WARN_UNGUARDED_AVAILABILITY = YES_AGGRESSIVE;
				CLANG_WARN_UNREACHABLE_CODE = YES;
				CLANG_WARN__DUPLICATE_METHOD_MATCH = YES;
				CODE_SIGN_IDENTITY = "iPhone Developer";
				COPY_PHASE_STRIP = NO;
				DEBUG_INFORMATION_FORMAT = dwarf;
				ENABLE_STRICT_OBJC_MSGSEND = YES;
				ENABLE_TESTABILITY = YES;
				GCC_C_LANGUAGE_STANDARD = gnu11;
				GCC_DYNAMIC_NO_PIC = NO;
				GCC_NO_COMMON_BLOCKS = YES;
				GCC_OPTIMIZATION_LEVEL = 0;
				GCC_PREPROCESSOR_DEFINITIONS = (
					"DEBUG=1",
					"$(inherited)",
				);
				GCC_WARN_64_TO_32_BIT_CONVERSION = YES;
				GCC_WARN_ABOUT_RETURN_TYPE = YES_ERROR;
				GCC_WARN_UNDECLARED_SELECTOR = YES;
				GCC_WARN_UNINITIALIZED_AUTOS = YES_AGGRESSIVE;
				GCC_WARN_UNUSED_FUNCTION = YES;
				GCC_WARN_UNUSED_VARIABLE = YES;
				IPHONEOS_DEPLOYMENT_TARGET = 12.4;
				MTL_ENABLE_DEBUG_INFO = INCLUDE_SOURCE;
				MTL_FAST_MATH = YES;
				ONLY_ACTIVE_ARCH = YES;
				SDKROOT = iphoneos;
				SWIFT_ACTIVE_COMPILATION_CONDITIONS = DEBUG;
				SWIFT_OPTIMIZATION_LEVEL = "-Onone";
			};
			name = Debug;
		};
		E579220422F535F500D31F96 /* Release */ = {
			isa = XCBuildConfiguration;
			buildSettings = {
				ALWAYS_SEARCH_USER_PATHS = NO;
				CLANG_ANALYZER_NONNULL = YES;
				CLANG_ANALYZER_NUMBER_OBJECT_CONVERSION = YES_AGGRESSIVE;
				CLANG_CXX_LANGUAGE_STANDARD = "gnu++14";
				CLANG_CXX_LIBRARY = "libc++";
				CLANG_ENABLE_MODULES = YES;
				CLANG_ENABLE_OBJC_ARC = YES;
				CLANG_ENABLE_OBJC_WEAK = YES;
				CLANG_WARN_BLOCK_CAPTURE_AUTORELEASING = YES;
				CLANG_WARN_BOOL_CONVERSION = YES;
				CLANG_WARN_COMMA = YES;
				CLANG_WARN_CONSTANT_CONVERSION = YES;
				CLANG_WARN_DEPRECATED_OBJC_IMPLEMENTATIONS = YES;
				CLANG_WARN_DIRECT_OBJC_ISA_USAGE = YES_ERROR;
				CLANG_WARN_DOCUMENTATION_COMMENTS = YES;
				CLANG_WARN_EMPTY_BODY = YES;
				CLANG_WARN_ENUM_CONVERSION = YES;
				CLANG_WARN_INFINITE_RECURSION = YES;
				CLANG_WARN_INT_CONVERSION = YES;
				CLANG_WARN_NON_LITERAL_NULL_CONVERSION = YES;
				CLANG_WARN_OBJC_IMPLICIT_RETAIN_SELF = YES;
				CLANG_WARN_OBJC_LITERAL_CONVERSION = YES;
				CLANG_WARN_OBJC_ROOT_CLASS = YES_ERROR;
				CLANG_WARN_RANGE_LOOP_ANALYSIS = YES;
				CLANG_WARN_STRICT_PROTOTYPES = YES;
				CLANG_WARN_SUSPICIOUS_MOVE = YES;
				CLANG_WARN_UNGUARDED_AVAILABILITY = YES_AGGRESSIVE;
				CLANG_WARN_UNREACHABLE_CODE = YES;
				CLANG_WARN__DUPLICATE_METHOD_MATCH = YES;
				CODE_SIGN_IDENTITY = "iPhone Developer";
				COPY_PHASE_STRIP = NO;
				DEBUG_INFORMATION_FORMAT = "dwarf-with-dsym";
				ENABLE_NS_ASSERTIONS = NO;
				ENABLE_STRICT_OBJC_MSGSEND = YES;
				GCC_C_LANGUAGE_STANDARD = gnu11;
				GCC_NO_COMMON_BLOCKS = YES;
				GCC_WARN_64_TO_32_BIT_CONVERSION = YES;
				GCC_WARN_ABOUT_RETURN_TYPE = YES_ERROR;
				GCC_WARN_UNDECLARED_SELECTOR = YES;
				GCC_WARN_UNINITIALIZED_AUTOS = YES_AGGRESSIVE;
				GCC_WARN_UNUSED_FUNCTION = YES;
				GCC_WARN_UNUSED_VARIABLE = YES;
				IPHONEOS_DEPLOYMENT_TARGET = 12.4;
				MTL_ENABLE_DEBUG_INFO = NO;
				MTL_FAST_MATH = YES;
				SDKROOT = iphoneos;
				SWIFT_COMPILATION_MODE = wholemodule;
				SWIFT_OPTIMIZATION_LEVEL = "-O";
				VALIDATE_PRODUCT = YES;
			};
			name = Release;
		};
		E579220622F535F500D31F96 /* Debug */ = {
			isa = XCBuildConfiguration;
			baseConfigurationReference = 4D2FFA04533F35499C1A010F /* Pods-LajiDemo.debug.xcconfig */;
			buildSettings = {
				ASSETCATALOG_COMPILER_APPICON_NAME = AppIcon;
				CODE_SIGN_STYLE = Automatic;
				DEVELOPMENT_TEAM = 5Z35RHSF47;
				INFOPLIST_FILE = LajiDemo/Info.plist;
				IPHONEOS_DEPLOYMENT_TARGET = 12.0;
				LD_RUNPATH_SEARCH_PATHS = (
					"$(inherited)",
					"@executable_path/Frameworks",
				);
				PRODUCT_BUNDLE_IDENTIFIER = com.nogayrulegroup.LajiManagement;
				PRODUCT_NAME = "$(TARGET_NAME)";
				SWIFT_VERSION = 5.0;
				TARGETED_DEVICE_FAMILY = "1,2";
			};
			name = Debug;
		};
		E579220722F535F500D31F96 /* Release */ = {
			isa = XCBuildConfiguration;
			baseConfigurationReference = 69EF4DA23AE0A0C25149C603 /* Pods-LajiDemo.release.xcconfig */;
			buildSettings = {
				ASSETCATALOG_COMPILER_APPICON_NAME = AppIcon;
				CODE_SIGN_STYLE = Automatic;
				DEVELOPMENT_TEAM = 5Z35RHSF47;
				INFOPLIST_FILE = LajiDemo/Info.plist;
				IPHONEOS_DEPLOYMENT_TARGET = 12.0;
				LD_RUNPATH_SEARCH_PATHS = (
					"$(inherited)",
					"@executable_path/Frameworks",
				);
				PRODUCT_BUNDLE_IDENTIFIER = com.nogayrulegroup.LajiManagement;
				PRODUCT_NAME = "$(TARGET_NAME)";
				SWIFT_VERSION = 5.0;
				TARGETED_DEVICE_FAMILY = "1,2";
			};
			name = Release;
		};
/* End XCBuildConfiguration section */

/* Begin XCConfigurationList section */
		E57921EB22F535F400D31F96 /* Build configuration list for PBXProject "LajiDemo" */ = {
			isa = XCConfigurationList;
			buildConfigurations = (
				E579220322F535F500D31F96 /* Debug */,
				E579220422F535F500D31F96 /* Release */,
			);
			defaultConfigurationIsVisible = 0;
			defaultConfigurationName = Release;
		};
		E579220522F535F500D31F96 /* Build configuration list for PBXNativeTarget "LajiDemo" */ = {
			isa = XCConfigurationList;
			buildConfigurations = (
				E579220622F535F500D31F96 /* Debug */,
				E579220722F535F500D31F96 /* Release */,
			);
			defaultConfigurationIsVisible = 0;
			defaultConfigurationName = Release;
		};
/* End XCConfigurationList section */

/* Begin XCVersionGroup section */
		E57921FA22F535F400D31F96 /* LajiDemo.xcdatamodeld */ = {
			isa = XCVersionGroup;
			children = (
				E57921FB22F535F400D31F96 /* LajiDemo.xcdatamodel */,
			);
			currentVersion = E57921FB22F535F400D31F96 /* LajiDemo.xcdatamodel */;
			path = LajiDemo.xcdatamodeld;
			sourceTree = "<group>";
			versionGroupType = wrapper.xcdatamodel;
		};
/* End XCVersionGroup section */
	};
	rootObject = E57921E822F535F400D31F96 /* Project object */;
}
